
Microsoft Visual Studio Solution File, Format Version 12.00
# Visual Studio Version 16
VisualStudioVersion = 16.0.29806.167
MinimumVisualStudioVersion = 10.0.40219.1
Project("{9A19103F-16F7-4668-BE54-9A1E7A4F7556}") = "ApiExampleProject.IntegrationTests", "ApiExampleProject.IntegrationTests\ApiExampleProject.IntegrationTests.csproj", "{F0B5C28D-0364-4CBD-9788-75DCC4FEBF53}"
EndProject
Project("{2150E333-8FDC-42A3-9474-1A3956D46DE8}") = "Solution Items", "Solution Items", "{1D3F8CE4-D51F-4B51-8B76-5EBC9EDA4A21}"
	ProjectSection(SolutionItems) = preProject
		.editorconfig = .editorconfig
	EndProjectSection
EndProject
Global
	GlobalSection(SolutionConfigurationPlatforms) = preSolution
		Debug|Any CPU = Debug|Any CPU
		Release|Any CPU = Release|Any CPU
	EndGlobalSection
	GlobalSection(ProjectConfigurationPlatforms) = postSolution
		{F0B5C28D-0364-4CBD-9788-75DCC4FEBF53}.Debug|Any CPU.ActiveCfg = Debug|Any CPU
		{F0B5C28D-0364-4CBD-9788-75DCC4FEBF53}.Debug|Any CPU.Build.0 = Debug|Any CPU
		{F0B5C28D-0364-4CBD-9788-75DCC4FEBF53}.Release|Any CPU.ActiveCfg = Release|Any CPU
		{F0B5C28D-0364-4CBD-9788-75DCC4FEBF53}.Release|Any CPU.Build.0 = Release|Any CPU
	EndGlobalSection
	GlobalSection(SolutionProperties) = preSolution
		HideSolutionNode = FALSE
	EndGlobalSection
	GlobalSection(ExtensibilityGlobals) = postSolution
		SolutionGuid = {EF883D5F-5379-439C-832C-43ABBC9DBD64}
	EndGlobalSection
EndGlobal
